<?xml version="1.0" encoding="utf-8"?>
<Project ToolsVersion="16.0" xmlns="http://schemas.microsoft.com/developer/msbuild/2003">
  <ItemGroup>
    <ClCompile Include="D:\eco_nojin\engine\cpp_core\src\hydrology.cpp">
      <Filter>Source Files</Filter>
    </ClCompile>
    <ClCompile Include="D:\eco_nojin\engine\cpp_core\src\soil.cpp">
      <Filter>Source Files</Filter>
    </ClCompile>
    <ClCompile Include="D:\eco_nojin\engine\cpp_core\src\erosion.cpp">
      <Filter>Source Files</Filter>
    </ClCompile>
    <ClCompile Include="D:\eco_nojin\engine\cpp_core\src\climate.cpp">
      <Filter>Source Files</Filter>
    </ClCompile>
    <ClCompile Include="D:\eco_nojin\engine\cpp_core\src\indices.cpp">
      <Filter>Source Files</Filter>
    </ClCompile>
    <ClCompile Include="D:\eco_nojin\engine\cpp_core\src\richards.cpp">
      <Filter>Source Files</Filter>
    </ClCompile>
    <ClCompile Include="D:\eco_nojin\engine\cpp_core\src\saint_venant.cpp">
      <Filter>Source Files</Filter>
    </ClCompile>
    <ClCompile Include="D:\eco_nojin\engine\cpp_core\src\crop_water.cpp">
      <Filter>Source Files</Filter>
    </ClCompile>
    <ClCompile Include="D:\eco_nojin\engine\cpp_core\src\sediment.cpp">
      <Filter>Source Files</Filter>
    </ClCompile>
    <ClCompile Include="D:\eco_nojin\engine\cpp_core\src\sampling.cpp">
      <Filter>Source Files</Filter>
    </ClCompile>
  </ItemGroup>
  <ItemGroup>
    <CustomBuild Include="D:\eco_nojin\engine\cpp_core\CMakeLists.txt" />
  </ItemGroup>
  <ItemGroup>
    <Filter Include="Source Files">
      <UniqueIdentifier>{A308DF09-8AE0-3AC7-B772-F83C5BF83BDF}</UniqueIdentifier>
    </Filter>
  </ItemGroup>
</Project>
