<?xml version="1.0" encoding="utf-8"?>
<Project ToolsVersion="16.0" xmlns="http://schemas.microsoft.com/developer/msbuild/2003">
  <ItemGroup>
    <CustomBuild Include="D:\eco_nojin\engine\cpp_core\build2\CMakeFiles\555c78ae2eadeb8cddbf453413fcbbfc\RUN_TESTS_force.rule">
      <Filter>CMake Rules</Filter>
    </CustomBuild>
  </ItemGroup>
  <ItemGroup>
    <Filter Include="CMake Rules">
      <UniqueIdentifier>{A2357F05-F9A0-3D07-9BF0-BA4497D1E62E}</UniqueIdentifier>
    </Filter>
  </ItemGroup>
</Project>
